github.com/lauri123/risotto v0.5.2-0.20260720195447-bc1e32e3b941 h1:DM8SASO47V+IEcOMQWRfwzyZSorvxbBQ46JsNDjxOOI=
github.com/lauri123/risotto v0.5.2-0.20260720195447-bc1e32e3b941/go.mod h1:+ljCzBy8L6ZJVP7c4NqYUSL1K82SUa0HVo4l4pZpH8g=
github.com/lauri123/risotto v0.5.2-0.20260721135433-c316dfdb3370 h1:sT+YjY5Sy/6cAONR8/of6b7xP8sqGoh49/O9PMFLA78=
github.com/lauri123/risotto v0.5.2-0.20260721135433-c316dfdb3370/go.mod h1:+ljCzBy8L6ZJVP7c4NqYUSL1K82SUa0HVo4l4pZpH8g=
github.com/lauri123/risotto v0.5.2-0.20260721140938-8e9b4221eea4 h1:FLqTB7mEqP8dIfUcPr+KlVKjxEznC1MUZlkBUo8fIa8=
github.com/lauri123/risotto v0.5.2-0.20260721140938-8e9b4221eea4/go.mod h1:+ljCzBy8L6ZJVP7c4NqYUSL1K82SUa0HVo4l4pZpH8g=
github.com/lauri123/risotto v0.5.2-0.20260721205436-0e23982c346a h1:wUonv+bEqI2Iy1tMCoS9nJ6CWadZscB809gQAPu5CgA=
github.com/lauri123/risotto v0.5.2-0.20260721205436-0e23982c346a/go.mod h1:+ljCzBy8L6ZJVP7c4NqYUSL1K82SUa0HVo4l4pZpH8g=
